// !$*UTF8*$!
{
	archiveVersion = 1;
	classes = {
	};
	objectVersion = 77;
	objects = {

/* Begin PBXBuildFile section */
		02178E3B3911304AF00735BA /* BibleApp.swift in Sources */ = {isa = PBXBuildFile; fileRef = FE44365799E1E4BD5051474C /* BibleApp.swift */; };
		1E8E8D4E0FE222A9F3B4ECF8 /* BibleBook.swift in Sources */ = {isa = PBXBuildFile; fileRef = B816F44E401A13150AB4B030 /* BibleBook.swift */; };
		259D0E1D0436BDF90019506E /* BibleBookTests.swift in Sources */ = {isa = PBXBuildFile; fileRef = E3A700454A254AE9C47A817E /* BibleBookTests.swift */; };
		32EEE452BEA2F41CEF550CB0 /* BibleAPIService.swift in Sources */ = {isa = PBXBuildFile; fileRef = A18B11FAE99C98E7C69471CF /* BibleAPIService.swift */; };
		748DE4E638AD87B31FD8067A /* SplitDetent.swift in Sources */ = {isa = PBXBuildFile; fileRef = 2BC25E0549E1EE7FD8AE9241 /* SplitDetent.swift */; };
		9D70769745AF3A1A17104A54 /* VerticalSplit.swift in Sources */ = {isa = PBXBuildFile; fileRef = 131CD37CED203807CF5D25C1 /* VerticalSplit.swift */; };
		9D9D25E3D61D7112767FDAA0 /* Helpers.swift in Sources */ = {isa = PBXBuildFile; fileRef = A1533ACE113897AE57D111D7 /* Helpers.swift */; };
		A5DF48D30EEDFD303DE62C92 /* ContentView.swift in Sources */ = {isa = PBXBuildFile; fileRef = 5997920CA6286EA6D28F9BBA /* ContentView.swift */; };
		C320A7DFB6039CA82C4CC249 /* BibleVerse.swift in Sources */ = {isa = PBXBuildFile; fileRef = FDF27B37D31EDE07CF70994E /* BibleVerse.swift */; };
		E4466350B801B9FB69763890 /* BibleAPIServiceTests.swift in Sources */ = {isa = PBXBuildFile; fileRef = 629C3B784818D2D866B66CE4 /* BibleAPIServiceTests.swift */; };
/* End PBXBuildFile section */

/* Begin PBXContainerItemProxy section */
		8791144638D5316AFBF68967 /* PBXContainerItemProxy */ = {
			isa = PBXContainerItemProxy;
			containerPortal = 3B66CFBBA732C02F51D01CD6 /* Project object */;
			proxyType = 1;
			remoteGlobalIDString = 719947D05064DC75F4A6D4F7;
			remoteInfo = "bible-app";
		};
/* End PBXContainerItemProxy section */

/* Begin PBXFileReference section */
		131CD37CED203807CF5D25C1 /* VerticalSplit.swift */ = {isa = PBXFileReference; lastKnownFileType = sourcecode.swift; path = VerticalSplit.swift; sourceTree = "<group>"; };
		2BC25E0549E1EE7FD8AE9241 /* SplitDetent.swift */ = {isa = PBXFileReference; lastKnownFileType = sourcecode.swift; path = SplitDetent.swift; sourceTree = "<group>"; };
		30E986ECC5C458C561C6B019 /* Bible App Tests.xctest */ = {isa = PBXFileReference; includeInIndex = 0; lastKnownFileType = wrapper.cfbundle; path = "Bible App Tests.xctest"; sourceTree = BUILT_PRODUCTS_DIR; };
		5997920CA6286EA6D28F9BBA /* ContentView.swift */ = {isa = PBXFileReference; lastKnownFileType = sourcecode.swift; path = ContentView.swift; sourceTree = "<group>"; };
		629C3B784818D2D866B66CE4 /* BibleAPIServiceTests.swift */ = {isa = PBXFileReference; lastKnownFileType = sourcecode.swift; path = BibleAPIServiceTests.swift; sourceTree = "<group>"; };
		A1533ACE113897AE57D111D7 /* Helpers.swift */ = {isa = PBXFileReference; lastKnownFileType = sourcecode.swift; path = Helpers.swift; sourceTree = "<group>"; };
		A18B11FAE99C98E7C69471CF /* BibleAPIService.swift */ = {isa = PBXFileReference; lastKnownFileType = sourcecode.swift; path = BibleAPIService.swift; sourceTree = "<group>"; };
		B3D1D4EC0D0AEB7D907D7622 /* bible-app.app */ = {isa = PBXFileReference; explicitFileType = wrapper.application; includeInIndex = 0; path = "bible-app.app"; sourceTree = BUILT_PRODUCTS_DIR; };
		B816F44E401A13150AB4B030 /* BibleBook.swift */ = {isa = PBXFileReference; lastKnownFileType = sourcecode.swift; path = BibleBook.swift; sourceTree = "<group>"; };
		E3A700454A254AE9C47A817E /* BibleBookTests.swift */ = {isa = PBXFileReference; lastKnownFileType = sourcecode.swift; path = BibleBookTests.swift; sourceTree = "<group>"; };
		FDF27B37D31EDE07CF70994E /* BibleVerse.swift */ = {isa = PBXFileReference; lastKnownFileType = sourcecode.swift; path = BibleVerse.swift; sourceTree = "<group>"; };
		FE44365799E1E4BD5051474C /* BibleApp.swift */ = {isa = PBXFileReference; lastKnownFileType = sourcecode.swift; path = BibleApp.swift; sourceTree = "<group>"; };
/* End PBXFileReference section */

/* Begin PBXGroup section */
		1324DEC7EBF7999DF636379E /* Services */ = {
			isa = PBXGroup;
			children = (
				A18B11FAE99C98E7C69471CF /* BibleAPIService.swift */,
			);
			path = Services;
			sourceTree = "<group>";
		};
		3909FE60D8CC490BB2B90B01 /* Tests */ = {
			isa = PBXGroup;
			children = (
				629C3B784818D2D866B66CE4 /* BibleAPIServiceTests.swift */,
				E3A700454A254AE9C47A817E /* BibleBookTests.swift */,
			);
			path = Tests;
			sourceTree = "<group>";
		};
		3CF678610769EB1FAF526656 /* Vendor */ = {
			isa = PBXGroup;
			children = (
				637CC09E57FA05375F50B438 /* VerticalSplit */,
			);
			path = Vendor;
			sourceTree = "<group>";
		};
		3D2D0F9613106725CF87C463 /* Sources */ = {
			isa = PBXGroup;
			children = (
				49EB201840B8B21F0A985CF0 /* App */,
				9E65633E4AC61525F36B5F12 /* Models */,
				1324DEC7EBF7999DF636379E /* Services */,
				3CF678610769EB1FAF526656 /* Vendor */,
				A518A313BBC9DF473CE9BC87 /* Views */,
			);
			path = Sources;
			sourceTree = "<group>";
		};
		49EB201840B8B21F0A985CF0 /* App */ = {
			isa = PBXGroup;
			children = (
				FE44365799E1E4BD5051474C /* BibleApp.swift */,
			);
			path = App;
			sourceTree = "<group>";
		};
		637CC09E57FA05375F50B438 /* VerticalSplit */ = {
			isa = PBXGroup;
			children = (
				A1533ACE113897AE57D111D7 /* Helpers.swift */,
				2BC25E0549E1EE7FD8AE9241 /* SplitDetent.swift */,
				131CD37CED203807CF5D25C1 /* VerticalSplit.swift */,
			);
			path = VerticalSplit;
			sourceTree = "<group>";
		};
		8225424F01E45E6B4D41878C /* Products */ = {
			isa = PBXGroup;
			children = (
				30E986ECC5C458C561C6B019 /* Bible App Tests.xctest */,
				B3D1D4EC0D0AEB7D907D7622 /* bible-app.app */,
			);
			name = Products;
			sourceTree = "<group>";
		};
		9CE5BBE64A34633180277D8E = {
			isa = PBXGroup;
			children = (
				3D2D0F9613106725CF87C463 /* Sources */,
				3909FE60D8CC490BB2B90B01 /* Tests */,
				8225424F01E45E6B4D41878C /* Products */,
			);
			sourceTree = "<group>";
		};
		9E65633E4AC61525F36B5F12 /* Models */ = {
			isa = PBXGroup;
			children = (
				B816F44E401A13150AB4B030 /* BibleBook.swift */,
				FDF27B37D31EDE07CF70994E /* BibleVerse.swift */,
			);
			path = Models;
			sourceTree = "<group>";
		};
		A518A313BBC9DF473CE9BC87 /* Views */ = {
			isa = PBXGroup;
			children = (
				5997920CA6286EA6D28F9BBA /* ContentView.swift */,
			);
			path = Views;
			sourceTree = "<group>";
		};
/* End PBXGroup section */

/* Begin PBXNativeTarget section */
		152CF4BB64E90BFAC5DFC683 /* Bible App Tests */ = {
			isa = PBXNativeTarget;
			buildConfigurationList = BBBC45006D42DB5457B100C5 /* Build configuration list for PBXNativeTarget "Bible App Tests" */;
			buildPhases = (
				FE599E1D87B1B4A6C455A810 /* Sources */,
			);
			buildRules = (
			);
			dependencies = (
				A4878CF2723E648A1E0B99D8 /* PBXTargetDependency */,
			);
			name = "Bible App Tests";
			packageProductDependencies = (
			);
			productName = "Bible App Tests";
			productReference = 30E986ECC5C458C561C6B019 /* Bible App Tests.xctest */;
			productType = "com.apple.product-type.bundle.unit-test";
		};
		719947D05064DC75F4A6D4F7 /* bible-app */ = {
			isa = PBXNativeTarget;
			buildConfigurationList = 62EF1F7DE6C949F795163DA9 /* Build configuration list for PBXNativeTarget "bible-app" */;
			buildPhases = (
				D5D32E83CA8316262A797662 /* Sources */,
			);
			buildRules = (
			);
			dependencies = (
			);
			name = "bible-app";
			packageProductDependencies = (
			);
			productName = "bible-app";
			productReference = B3D1D4EC0D0AEB7D907D7622 /* bible-app.app */;
			productType = "com.apple.product-type.application";
		};
/* End PBXNativeTarget section */

/* Begin PBXProject section */
		3B66CFBBA732C02F51D01CD6 /* Project object */ = {
			isa = PBXProject;
			attributes = {
				BuildIndependentTargetsInParallel = YES;
				LastUpgradeCheck = 2600;
				TargetAttributes = {
					719947D05064DC75F4A6D4F7 = {
						ProvisioningStyle = Automatic;
					};
				};
			};
			buildConfigurationList = C203E0A06F92BAC3234A5FD8 /* Build configuration list for PBXProject "bible-app" */;
			developmentRegion = en;
			hasScannedForEncodings = 0;
			knownRegions = (
				Base,
				en,
			);
			mainGroup = 9CE5BBE64A34633180277D8E;
			minimizedProjectReferenceProxies = 1;
			preferredProjectObjectVersion = 77;
			productRefGroup = 8225424F01E45E6B4D41878C /* Products */;
			projectDirPath = "";
			projectRoot = "";
			targets = (
				719947D05064DC75F4A6D4F7 /* bible-app */,
				152CF4BB64E90BFAC5DFC683 /* Bible App Tests */,
			);
		};
/* End PBXProject section */

/* Begin PBXSourcesBuildPhase section */
		D5D32E83CA8316262A797662 /* Sources */ = {
			isa = PBXSourcesBuildPhase;
			buildActionMask = 2147483647;
			files = (
				32EEE452BEA2F41CEF550CB0 /* BibleAPIService.swift in Sources */,
				02178E3B3911304AF00735BA /* BibleApp.swift in Sources */,
				1E8E8D4E0FE222A9F3B4ECF8 /* BibleBook.swift in Sources */,
				C320A7DFB6039CA82C4CC249 /* BibleVerse.swift in Sources */,
				A5DF48D30EEDFD303DE62C92 /* ContentView.swift in Sources */,
				9D9D25E3D61D7112767FDAA0 /* Helpers.swift in Sources */,
				748DE4E638AD87B31FD8067A /* SplitDetent.swift in Sources */,
				9D70769745AF3A1A17104A54 /* VerticalSplit.swift in Sources */,
			);
			runOnlyForDeploymentPostprocessing = 0;
		};
		FE599E1D87B1B4A6C455A810 /* Sources */ = {
			isa = PBXSourcesBuildPhase;
			buildActionMask = 2147483647;
			files = (
				E4466350B801B9FB69763890 /* BibleAPIServiceTests.swift in Sources */,
				259D0E1D0436BDF90019506E /* BibleBookTests.swift in Sources */,
			);
			runOnlyForDeploymentPostprocessing = 0;
		};
/* End PBXSourcesBuildPhase section */

/* Begin PBXTargetDependency section */
		A4878CF2723E648A1E0B99D8 /* PBXTargetDependency */ = {
			isa = PBXTargetDependency;
			target = 719947D05064DC75F4A6D4F7 /* bible-app */;
			targetProxy = 8791144638D5316AFBF68967 /* PBXContainerItemProxy */;
		};
/* End PBXTargetDependency section */

/* Begin XCBuildConfiguration section */
		10A44341ED03FD484154FC46 /* Release */ = {
			isa = XCBuildConfiguration;
			buildSettings = {
				BUNDLE_LOADER = "$(TEST_HOST)";
				LD_RUNPATH_SEARCH_PATHS = (
					"$(inherited)",
					"@executable_path/Frameworks",
					"@loader_path/Frameworks",
				);
				SDKROOT = iphoneos;
				TARGETED_DEVICE_FAMILY = "1,2";
				TEST_HOST = "$(BUILT_PRODUCTS_DIR)/bible-app.app/bible-app";
			};
			name = Release;
		};
		27ECA21A4DD5CB61FAF1DECA /* Debug */ = {
			isa = XCBuildConfiguration;
			buildSettings = {
				BUNDLE_LOADER = "$(TEST_HOST)";
				LD_RUNPATH_SEARCH_PATHS = (
					"$(inherited)",
					"@executable_path/Frameworks",
					"@loader_path/Frameworks",
				);
				SDKROOT = iphoneos;
				TARGETED_DEVICE_FAMILY = "1,2";
				TEST_HOST = "$(BUILT_PRODUCTS_DIR)/bible-app.app/bible-app";
			};
			name = Debug;
		};
		395B629D8EFD614984F7A9CD /* Debug */ = {
			isa = XCBuildConfiguration;
			buildSettings = {
				ASSETCATALOG_COMPILER_APPICON_NAME = AppIcon;
				CODE_SIGN_IDENTITY = "iPhone Developer";
				CODE_SIGN_STYLE = Automatic;
				DEVELOPMENT_TEAM = 4U5U2FDQRC;
				INFOPLIST_FILE = Resources/Info.plist;
				LD_RUNPATH_SEARCH_PATHS = (
					"$(inherited)",
					"@executable_path/Frameworks",
				);
				SDKROOT = iphoneos;
				TARGETED_DEVICE_FAMILY = "1,2";
			};
			name = Debug;
		};
		7B9F6793A7806E2AE862A052 /* Release */ = {
			isa = XCBuildConfiguration;
			buildSettings = {
				ALWAYS_SEARCH_USER_PATHS = NO;
				ASSETCATALOG_COMPILER_APPICON_NAME = AppIcon;
				CLANG_ANALYZER_NONNULL = YES;
				CLANG_ANALYZER_NUMBER_OBJECT_CONVERSION = YES_AGGRESSIVE;
				CLANG_CXX_LANGUAGE_STANDARD = "gnu++14";
				CLANG_CXX_LIBRARY = "libc++";
				CLANG_ENABLE_MODULES = YES;
				CLANG_ENABLE_OBJC_ARC = YES;
				CLANG_ENABLE_OBJC_WEAK = YES;
				CLANG_WARN_BLOCK_CAPTURE_AUTORELEASING = YES;
				CLANG_WARN_BOOL_CONVERSION = YES;
				CLANG_WARN_COMMA = YES;
				CLANG_WARN_CONSTANT_CONVERSION = YES;
				CLANG_WARN_DEPRECATED_OBJC_IMPLEMENTATIONS = YES;
				CLANG_WARN_DIRECT_OBJC_ISA_USAGE = YES_ERROR;
				CLANG_WARN_DOCUMENTATION_COMMENTS = YES;
				CLANG_WARN_EMPTY_BODY = YES;
				CLANG_WARN_ENUM_CONVERSION = YES;
				CLANG_WARN_INFINITE_RECURSION = YES;
				CLANG_WARN_INT_CONVERSION = YES;
				CLANG_WARN_NON_LITERAL_NULL_CONVERSION = YES;
				CLANG_WARN_OBJC_IMPLICIT_RETAIN_SELF = YES;
				CLANG_WARN_OBJC_LITERAL_CONVERSION = YES;
				CLANG_WARN_OBJC_ROOT_CLASS = YES_ERROR;
				CLANG_WARN_QUOTED_INCLUDE_IN_FRAMEWORK_HEADER = YES;
				CLANG_WARN_RANGE_LOOP_ANALYSIS = YES;
				CLANG_WARN_STRICT_PROTOTYPES = YES;
				CLANG_WARN_SUSPICIOUS_MOVE = YES;
				CLANG_WARN_UNGUARDED_AVAILABILITY = YES_AGGRESSIVE;
				CLANG_WARN_UNREACHABLE_CODE = YES;
				CLANG_WARN__DUPLICATE_METHOD_MATCH = YES;
				COPY_PHASE_STRIP = NO;
				DEBUG_INFORMATION_FORMAT = "dwarf-with-dsym";
				ENABLE_NS_ASSERTIONS = NO;
				ENABLE_STRICT_OBJC_MSGSEND = YES;
				GCC_C_LANGUAGE_STANDARD = gnu11;
				GCC_NO_COMMON_BLOCKS = YES;
				GCC_WARN_64_TO_32_BIT_CONVERSION = YES;
				GCC_WARN_ABOUT_RETURN_TYPE = YES_ERROR;
				GCC_WARN_UNDECLARED_SELECTOR = YES;
				GCC_WARN_UNINITIALIZED_AUTOS = YES_AGGRESSIVE;
				GCC_WARN_UNUSED_FUNCTION = YES;
				GCC_WARN_UNUSED_VARIABLE = YES;
				INFOPLIST_FILE = Resources/Info.plist;
				IPHONEOS_DEPLOYMENT_TARGET = 17.0;
				MTL_ENABLE_DEBUG_INFO = NO;
				MTL_FAST_MATH = YES;
				PRODUCT_BUNDLE_IDENTIFIER = "com.epaphrodit.bible-app";
				PRODUCT_NAME = "$(TARGET_NAME)";
				SDKROOT = iphoneos;
				SWIFT_COMPILATION_MODE = wholemodule;
				SWIFT_OPTIMIZATION_LEVEL = "-O";
				SWIFT_VERSION = 5.0;
			};
			name = Release;
		};
		9FB420C2F032E7DC82550494 /* Debug */ = {
			isa = XCBuildConfiguration;
			buildSettings = {
				ALWAYS_SEARCH_USER_PATHS = NO;
				ASSETCATALOG_COMPILER_APPICON_NAME = AppIcon;
				CLANG_ANALYZER_NONNULL = YES;
				CLANG_ANALYZER_NUMBER_OBJECT_CONVERSION = YES_AGGRESSIVE;
				CLANG_CXX_LANGUAGE_STANDARD = "gnu++14";
				CLANG_CXX_LIBRARY = "libc++";
				CLANG_ENABLE_MODULES = YES;
				CLANG_ENABLE_OBJC_ARC = YES;
				CLANG_ENABLE_OBJC_WEAK = YES;
				CLANG_WARN_BLOCK_CAPTURE_AUTORELEASING = YES;
				CLANG_WARN_BOOL_CONVERSION = YES;
				CLANG_WARN_COMMA = YES;
				CLANG_WARN_CONSTANT_CONVERSION = YES;
				CLANG_WARN_DEPRECATED_OBJC_IMPLEMENTATIONS = YES;
				CLANG_WARN_DIRECT_OBJC_ISA_USAGE = YES_ERROR;
				CLANG_WARN_DOCUMENTATION_COMMENTS = YES;
				CLANG_WARN_EMPTY_BODY = YES;
				CLANG_WARN_ENUM_CONVERSION = YES;
				CLANG_WARN_INFINITE_RECURSION = YES;
				CLANG_WARN_INT_CONVERSION = YES;
				CLANG_WARN_NON_LITERAL_NULL_CONVERSION = YES;
				CLANG_WARN_OBJC_IMPLICIT_RETAIN_SELF = YES;
				CLANG_WARN_OBJC_LITERAL_CONVERSION = YES;
				CLANG_WARN_OBJC_ROOT_CLASS = YES_ERROR;
				CLANG_WARN_QUOTED_INCLUDE_IN_FRAMEWORK_HEADER = YES;
				CLANG_WARN_RANGE_LOOP_ANALYSIS = YES;
				CLANG_WARN_STRICT_PROTOTYPES = YES;
				CLANG_WARN_SUSPICIOUS_MOVE = YES;
				CLANG_WARN_UNGUARDED_AVAILABILITY = YES_AGGRESSIVE;
				CLANG_WARN_UNREACHABLE_CODE = YES;
				CLANG_WARN__DUPLICATE_METHOD_MATCH = YES;
				COPY_PHASE_STRIP = NO;
				DEBUG_INFORMATION_FORMAT = dwarf;
				ENABLE_STRICT_OBJC_MSGSEND = YES;
				ENABLE_TESTABILITY = YES;
				GCC_C_LANGUAGE_STANDARD = gnu11;
				GCC_DYNAMIC_NO_PIC = NO;
				GCC_NO_COMMON_BLOCKS = YES;
				GCC_OPTIMIZATION_LEVEL = 0;
				GCC_PREPROCESSOR_DEFINITIONS = (
					"$(inherited)",
					"DEBUG=1",
				);
				GCC_WARN_64_TO_32_BIT_CONVERSION = YES;
				GCC_WARN_ABOUT_RETURN_TYPE = YES_ERROR;
				GCC_WARN_UNDECLARED_SELECTOR = YES;
				GCC_WARN_UNINITIALIZED_AUTOS = YES_AGGRESSIVE;
				GCC_WARN_UNUSED_FUNCTION = YES;
				GCC_WARN_UNUSED_VARIABLE = YES;
				INFOPLIST_FILE = Resources/Info.plist;
				IPHONEOS_DEPLOYMENT_TARGET = 17.0;
				MTL_ENABLE_DEBUG_INFO = INCLUDE_SOURCE;
				MTL_FAST_MATH = YES;
				ONLY_ACTIVE_ARCH = YES;
				PRODUCT_BUNDLE_IDENTIFIER = "com.epaphrodit.bible-app";
				PRODUCT_NAME = "$(TARGET_NAME)";
				SDKROOT = iphoneos;
				SWIFT_ACTIVE_COMPILATION_CONDITIONS = DEBUG;
				SWIFT_OPTIMIZATION_LEVEL = "-Onone";
				SWIFT_VERSION = 5.0;
			};
			name = Debug;
		};
		BFEE9A5E9D633FEC13666C37 /* Release */ = {
			isa = XCBuildConfiguration;
			buildSettings = {
				ASSETCATALOG_COMPILER_APPICON_NAME = AppIcon;
				CODE_SIGN_IDENTITY = "iPhone Developer";
				CODE_SIGN_STYLE = Automatic;
				DEVELOPMENT_TEAM = 4U5U2FDQRC;
				INFOPLIST_FILE = Resources/Info.plist;
				LD_RUNPATH_SEARCH_PATHS = (
					"$(inherited)",
					"@executable_path/Frameworks",
				);
				SDKROOT = iphoneos;
				TARGETED_DEVICE_FAMILY = "1,2";
			};
			name = Release;
		};
/* End XCBuildConfiguration section */

/* Begin XCConfigurationList section */
		62EF1F7DE6C949F795163DA9 /* Build configuration list for PBXNativeTarget "bible-app" */ = {
			isa = XCConfigurationList;
			buildConfigurations = (
				395B629D8EFD614984F7A9CD /* Debug */,
				BFEE9A5E9D633FEC13666C37 /* Release */,
			);
			defaultConfigurationIsVisible = 0;
			defaultConfigurationName = Debug;
		};
		BBBC45006D42DB5457B100C5 /* Build configuration list for PBXNativeTarget "Bible App Tests" */ = {
			isa = XCConfigurationList;
			buildConfigurations = (
				27ECA21A4DD5CB61FAF1DECA /* Debug */,
				10A44341ED03FD484154FC46 /* Release */,
			);
			defaultConfigurationIsVisible = 0;
			defaultConfigurationName = Debug;
		};
		C203E0A06F92BAC3234A5FD8 /* Build configuration list for PBXProject "bible-app" */ = {
			isa = XCConfigurationList;
			buildConfigurations = (
				9FB420C2F032E7DC82550494 /* Debug */,
				7B9F6793A7806E2AE862A052 /* Release */,
			);
			defaultConfigurationIsVisible = 0;
			defaultConfigurationName = Debug;
		};
/* End XCConfigurationList section */
	};
	rootObject = 3B66CFBBA732C02F51D01CD6 /* Project object */;
}
