// !$*UTF8*$!
{
	archiveVersion = 1;
	objectVersion = 56;
	objects = {

/* Begin PBXFileReference section */
		9B2521332823437A99D52A22 = {
			isa = PBXFileReference;
			lastKnownFileType = sourcecode.swift;
			name = BibleApp.swift;
			path = Sources/App/BibleApp.swift;
			sourceTree = SOURCE_ROOT;
		};
		9B2521332823437A99D52A23 = {
			isa = PBXFileReference;
			lastKnownFileType = sourcecode.swift;
			name = BibleBook.swift;
			path = Sources/Models/BibleBook.swift;
			sourceTree = SOURCE_ROOT;
		};
		9B2521332823437A99D52A24 = {
			isa = PBXFileReference;
			lastKnownFileType = sourcecode.swift;
			name = BibleVerse.swift;
			path = Sources/Models/BibleVerse.swift;
			sourceTree = SOURCE_ROOT;
		};
		9B2521332823437A99D52A25 = {
			isa = PBXFileReference;
			lastKnownFileType = sourcecode.swift;
			name = BibleAPIService.swift;
			path = Sources/Services/BibleAPIService.swift;
			sourceTree = SOURCE_ROOT;
		};
		9B2521332823437A99D52A26 = {
			isa = PBXFileReference;
			lastKnownFileType = sourcecode.swift;
			name = ContentView.swift;
			path = Sources/Views/ContentView.swift;
			sourceTree = SOURCE_ROOT;
		};
		9B2521332823437A99D52A27 = {
			isa = PBXFileReference;
			lastKnownFileType = sourcecode.swift;
			name = SplitDetent.swift;
			path = Sources/Vendor/VerticalSplit/SplitDetent.swift;
			sourceTree = SOURCE_ROOT;
		};
		9B2521332823437A99D52A28 = {
			isa = PBXFileReference;
			lastKnownFileType = sourcecode.swift;
			name = Helpers.swift;
			path = Sources/Vendor/VerticalSplit/Helpers.swift;
			sourceTree = SOURCE_ROOT;
		};
		9B2521332823437A99D52A29 = {
			isa = PBXFileReference;
			lastKnownFileType = sourcecode.swift;
			name = VerticalSplit.swift;
			path = Sources/Vendor/VerticalSplit/VerticalSplit.swift;
			sourceTree = SOURCE_ROOT;
		};
		9B2521332823437A99D52A2A = {
			isa = PBXFileReference;
			lastKnownFileType = sourcecode.swift;
			name = BibleBookTests.swift;
			path = Tests/BibleBookTests.swift;
			sourceTree = SOURCE_ROOT;
		};
		9B2521332823437A99D52A2B = {
			isa = PBXFileReference;
			lastKnownFileType = sourcecode.swift;
			name = BibleAPIServiceTests.swift;
			path = Tests/BibleAPIServiceTests.swift;
			sourceTree = SOURCE_ROOT;
		};
		9B2521332823437A99D52A2C = {
			isa = PBXFileReference;
			lastKnownFileType = text.plist.utf8;
			name = Info.plist;
			path = Resources/Info.plist;
			sourceTree = SOURCE_ROOT;
		};
		9B2521332823437A99D52A2D = {
			isa = PBXFileReference;
			explicitFileType = folder.assetcatalog;
			name = Assets.xcassets;
			path = Resources/Assets.xcassets;
			sourceTree = SOURCE_ROOT;
		};
		9B2521332823437A99D52A2E = {
			isa = PBXFileReference;
			explicitFileType = wrapper.application;
			name = "Bible App.app";
			path = "Bible App.app";
			sourceTree = BUILT_PRODUCTS_DIR;
		};
		9B2521332823437A99D52A2F = {
			isa = PBXFileReference;
			explicitFileType = wrapper.cfbundle;
			name = "Bible App Tests.xctest";
			path = "Bible App Tests.xctest";
			sourceTree = BUILT_PRODUCTS_DIR;
		};
/* End PBXFileReference section */

/* Begin PBXGroup section */
		9B2521332823437A99D52A30 = {
			isa = PBXGroup;
			children = (
				9B2521332823437A99D52A31,
				9B2521332823437A99D52A32,
				9B2521332823437A99D52A33,
			);
			sourceTree = "<group>";
			name = "bible-app";
			path = "";
		};
		9B2521332823437A99D52A31 = {
			isa = PBXGroup;
			children = (
				9B2521332823437A99D52A34,
				9B2521332823437A99D52A35,
				9B2521332823437A99D52A36,
				9B2521332823437A99D52A37,
				9B2521332823437A99D52A38,
			);
			sourceTree = "<group>";
			name = Sources;
			path = Sources;
		};
		9B2521332823437A99D52A32 = {
			isa = PBXGroup;
			children = (
				9B2521332823437A99D52A2C,
				9B2521332823437A99D52A2D,
			);
			sourceTree = "<group>";
			name = Resources;
			path = Resources;
		};
		9B2521332823437A99D52A33 = {
			isa = PBXGroup;
			children = (
				9B2521332823437A99D52A2A,
				9B2521332823437A99D52A2B,
			);
			sourceTree = "<group>";
			name = Tests;
			path = Tests;
		};
		9B2521332823437A99D52A34 = {
			isa = PBXGroup;
			children = (
				9B2521332823437A99D52A39,
			);
			sourceTree = "<group>";
			name = App;
			path = Sources/App;
		};
		9B2521332823437A99D52A35 = {
			isa = PBXGroup;
			children = (
				9B2521332823437A99D52A23,
				9B2521332823437A99D52A24,
			);
			sourceTree = "<group>";
			name = Models;
			path = Sources/Models;
		};
		9B2521332823437A99D52A36 = {
			isa = PBXGroup;
			children = (
				9B2521332823437A99D52A25,
			);
			sourceTree = "<group>";
			name = Services;
			path = Sources/Services;
		};
		9B2521332823437A99D52A37 = {
			isa = PBXGroup;
			children = (
				9B2521332823437A99D52A26,
			);
			sourceTree = "<group>";
			name = Views;
			path = Sources/Views;
		};
		9B2521332823437A99D52A38 = {
			isa = PBXGroup;
			children = (
				9B2521332823437A99D52A3A,
			);
			sourceTree = "<group>";
			name = Vendor;
			path = Sources/Vendor;
		};
		9B2521332823437A99D52A3A = {
			isa = PBXGroup;
			children = (
				9B2521332823437A99D52A27,
				9B2521332823437A99D52A28,
				9B2521332823437A99D52A29,
			);
			sourceTree = "<group>";
			name = VerticalSplit;
			path = Sources/Vendor/VerticalSplit;
		};
		9B2521332823437A99D52A39 = {
			isa = PBXGroup;
			children = (
				9B2521332823437A99D52A22,
			);
			sourceTree = "<group>";
			name = App;
			path = Sources/App;
		};
/* End PBXGroup section */

/* Begin PBXBuildFile section */
		9B2521332823437A99D52A41 = {
			isa = PBXBuildFile;
			fileRef = 9B2521332823437A99D52A22;
		};
		9B2521332823437A99D52A42 = {
			isa = PBXBuildFile;
			fileRef = 9B2521332823437A99D52A23;
		};
		9B2521332823437A99D52A43 = {
			isa = PBXBuildFile;
			fileRef = 9B2521332823437A99D52A24;
		};
		9B2521332823437A99D52A44 = {
			isa = PBXBuildFile;
			fileRef = 9B2521332823437A99D52A25;
		};
		9B2521332823437A99D52A45 = {
			isa = PBXBuildFile;
			fileRef = 9B2521332823437A99D52A26;
		};
		9B2521332823437A99D52A46 = {
			isa = PBXBuildFile;
			fileRef = 9B2521332823437A99D52A27;
		};
		9B2521332823437A99D52A47 = {
			isa = PBXBuildFile;
			fileRef = 9B2521332823437A99D52A28;
		};
		9B2521332823437A99D52A48 = {
			isa = PBXBuildFile;
			fileRef = 9B2521332823437A99D52A29;
		};
		9B2521332823437A99D52A49 = {
			isa = PBXBuildFile;
			fileRef = 9B2521332823437A99D52A2A;
		};
		9B2521332823437A99D52A4A = {
			isa = PBXBuildFile;
			fileRef = 9B2521332823437A99D52A2B;
		};
		9B2521332823437A99D52A4B = {
			isa = PBXBuildFile;
			fileRef = 9B2521332823437A99D52A2C;
		};
		9B2521332823437A99D52A4C = {
			isa = PBXBuildFile;
			fileRef = 9B2521332823437A99D52A2D;
		};
/* End PBXBuildFile section */

/* Begin PBXFrameworksBuildPhase section */
		9B2521332823437A99D52A4D = {
			isa = PBXFrameworksBuildPhase;
			buildActionMask = 2147483647;
			files = ();
			runOnlyForDeploymentPostprocessing = 0;
		};
/* End PBXFrameworksBuildPhase section */

/* Begin PBXResourcesBuildPhase section */
		9B2521332823437A99D52A4E = {
			isa = PBXResourcesBuildPhase;
			buildActionMask = 2147483647;
			files = (
				9B2521332823437A99D52A4B,
				9B2521332823437A99D52A4C,
			);
			runOnlyForDeploymentPostprocessing = 0;
		};
/* End PBXResourcesBuildPhase section */

/* Begin PBXSourcesBuildPhase section */
		9B2521332823437A99D52A4F = {
			isa = PBXSourcesBuildPhase;
			buildActionMask = 2147483647;
			files = (
				9B2521332823437A99D52A41,
				9B2521332823437A99D52A42,
				9B2521332823437A99D52A43,
				9B2521332823437A99D52A44,
				9B2521332823437A99D52A45,
				9B2521332823437A99D52A46,
				9B2521332823437A99D52A47,
				9B2521332823437A99D52A48,
			);
			runOnlyForDeploymentPostprocessing = 0;
		};
/* End PBXSourcesBuildPhase section */

/* Begin PBXNativeTarget section */
		9B2521332823437A99D52A50 = {
			isa = PBXNativeTarget;
			buildConfigurationList = 9B2521332823437A99D52A51;
			buildPhases = (
				9B2521332823437A99D52A4F,
				9B2521332823437A99D52A4D,
				9B2521332823437A99D52A4E,
			);
			buildRules = ();
			dependencies = ();
			name = bible-app;
			productName = bible-app;
			productReference = 9B2521332823437A99D52A2E;
			productType = "com.apple.product-type.application";
		};
		9B2521332823437A99D52A52 = {
			isa = PBXNativeTarget;
			buildConfigurationList = 9B2521332823437A99D52A53;
			buildPhases = (
				9B2521332823437A99D52A54,
			);
			buildRules = ();
			dependencies = ();
			name = "Bible App Tests";
			productName = "Bible App Tests";
			productReference = 9B2521332823437A99D52A2F;
			productType = "com.apple.product-type.bundle.unit-test";
		};
/* End PBXNativeTarget section */

/* Begin XCBuildConfiguration section */
		9B2521332823437A99D52A55 = {
			isa = XCBuildConfiguration;
			buildSettings = {
				SWIFT_VERSION = 6.0;
				IPHONEOS_DEPLOYMENT_TARGET = 17.0;
				PRODUCT_NAME = "$(TARGET_NAME)";
				PRODUCT_BUNDLE_IDENTIFIER = "com.epaphrodit.bible-app";
				INFOPLIST_FILE = Resources/Info.plist;
				ASSETCATALOG_COMPILER_APPICON_NAME = AppIcon;
				CODE_SIGN_STYLE = Automatic;
				DEVELOPMENT_TEAM = "";
				ENABLE_PREVIEWS = YES;
			};
			name = Debug;
		};
		9B2521332823437A99D52A56 = {
			isa = XCBuildConfiguration;
			buildSettings = {
				SWIFT_VERSION = 6.0;
				IPHONEOS_DEPLOYMENT_TARGET = 17.0;
				PRODUCT_NAME = "$(TARGET_NAME)";
				PRODUCT_BUNDLE_IDENTIFIER = "com.epaphrodit.bible-app";
				INFOPLIST_FILE = Resources/Info.plist;
				ASSETCATALOG_COMPILER_APPICON_NAME = AppIcon;
				CODE_SIGN_STYLE = Automatic;
				DEVELOPMENT_TEAM = "";
				ENABLE_PREVIEWS = YES;
			};
			name = Release;
		};
		9B2521332823437A99D52A57 = {
			isa = XCBuildConfiguration;
			buildSettings = {
				SWIFT_VERSION = 6.0;
				IPHONEOS_DEPLOYMENT_TARGET = 17.0;
				PRODUCT_NAME = "$(TARGET_NAME)";
				INFOPLIST_FILE = Resources/Info.plist;
			};
			name = Debug;
		};
		9B2521332823437A99D52A58 = {
			isa = XCBuildConfiguration;
			buildSettings = {
				SWIFT_VERSION = 6.0;
				IPHONEOS_DEPLOYMENT_TARGET = 17.0;
				PRODUCT_NAME = "$(TARGET_NAME)";
				INFOPLIST_FILE = Resources/Info.plist;
			};
			name = Release;
		};
		9B2521332823437A99D52A59 = {
			isa = XCBuildConfiguration;
			buildSettings = {};
			name = Debug;
		};
		9B2521332823437A99D52A5A = {
			isa = XCBuildConfiguration;
			buildSettings = {};
			name = Release;
		};
/* End XCBuildConfiguration section */

/* Begin XCConfigurationList section */
		9B2521332823437A99D52A51 = {
			isa = XCConfigurationList;
			buildConfigurations = (
				9B2521332823437A99D52A55,
				9B2521332823437A99D52A56,
			);
			defaultConfigurationName = Release;
		};
		9B2521332823437A99D52A53 = {
			isa = XCConfigurationList;
			buildConfigurations = (
				9B2521332823437A99D52A57,
				9B2521332823437A99D52A58,
			);
			defaultConfigurationName = Release;
		};
		9B2521332823437A99D52A5B = {
			isa = XCConfigurationList;
			buildConfigurations = (
				9B2521332823437A99D52A59,
				9B2521332823437A99D52A5A,
			);
			defaultConfigurationName = Release;
		};
/* End XCConfigurationList section */

/* Begin PBXProject section */
		9B2521332823437A99D52A5C = {
			isa = PBXProject;
			attributes = {
				BuildIndependentTargetsInParallel = 1;
				LastSwiftUpdateCheck = 1500;
				LastUpgradeCheck = 1500;
				TargetAttributes = {
					9B2521332823437A99D52A50 = {
						CreatedOnToolsVersion = 26.0;
					};
					9B2521332823437A99D52A52 = {
						CreatedOnToolsVersion = 26.0;
						TestTargetID = 9B2521332823437A99D52A50;
					};
				};
			};
			buildConfigurationList = 9B2521332823437A99D52A5B;
			compatibilityVersion = "Xcode 14.0";
			developmentRegion = en;
			hasScannedForEncodings = 0;
			knownRegions = (
				en,
				Base,
			);
			mainGroup = 9B2521332823437A99D52A30;
			productRefGroup = 9B2521332823437A99D52A30;
			projectDirPath = "";
			projectRoot = "";
			targets = (
				9B2521332823437A99D52A50,
				9B2521332823437A99D52A52,
			);
		};
/* End PBXProject section */

/* Begin PBXSourcesBuildPhase section */
		9B2521332823437A99D52A54 = {
			isa = PBXSourcesBuildPhase;
			buildActionMask = 2147483647;
			files = (
				9B2521332823437A99D52A49,
				9B2521332823437A99D52A4A,
			);
			runOnlyForDeploymentPostprocessing = 0;
		};
/* End PBXSourcesBuildPhase section */

	}
	rootObject = 9B2521332823437A99D52A5C;
}
